
Microsoft Visual Studio Solution File, Format Version 12.00
# Visual Studio Version 17
VisualStudioVersion = 17.0.31903.59
MinimumVisualStudioVersion = 10.0.40219.1
Project("{FAE04EC0-301F-11D3-BF4B-00C04F79EFBC}") = "Task18", "Task18\Task18.csproj", "{8085DFD7-0598-4AF3-8029-E477D7E18D7C}"
EndProject
Global
	GlobalSection(SolutionConfigurationPlatforms) = preSolution
		Debug|Any CPU = Debug|Any CPU
		Release|Any CPU = Release|Any CPU
	EndGlobalSection
	GlobalSection(ProjectConfigurationPlatforms) = postSolution
		{8085DFD7-0598-4AF3-8029-E477D7E18D7C}.Debug|Any CPU.ActiveCfg = Debug|Any CPU
		{8085DFD7-0598-4AF3-8029-E477D7E18D7C}.Debug|Any CPU.Build.0 = Debug|Any CPU
		{8085DFD7-0598-4AF3-8029-E477D7E18D7C}.Release|Any CPU.ActiveCfg = Release|Any CPU
		{8085DFD7-0598-4AF3-8029-E477D7E18D7C}.Release|Any CPU.Build.0 = Release|Any CPU
	EndGlobalSection
	GlobalSection(SolutionProperties) = preSolution
		HideSolutionNode = FALSE
	EndGlobalSection
	GlobalSection(ExtensibilityGlobals) = postSolution
		SolutionGuid = {099EC686-4D93-4C55-8876-F9FD80AB4186}
	EndGlobalSection
EndGlobal
